
Microsoft Visual Studio Solution File, Format Version 12.00
# Visual Studio Version 17
VisualStudioVersion = 17.9.34701.34
MinimumVisualStudioVersion = 10.0.40219.1
Project("{8BC9CEB8-8B4A-11D0-8D11-00A0C91BC942}") = "parcial2", "parcial2.vcxproj", "{5D3596D2-93E7-4EC6-ADE5-B69A6BA0FCC1}"
EndProject
Global
	GlobalSection(SolutionConfigurationPlatforms) = preSolution
		Debug|x64 = Debug|x64
		Debug|x86 = Debug|x86
		Release|x64 = Release|x64
		Release|x86 = Release|x86
	EndGlobalSection
	GlobalSection(ProjectConfigurationPlatforms) = postSolution
		{5D3596D2-93E7-4EC6-ADE5-B69A6BA0FCC1}.Debug|x64.ActiveCfg = Debug|x64
		{5D3596D2-93E7-4EC6-ADE5-B69A6BA0FCC1}.Debug|x64.Build.0 = Debug|x64
		{5D3596D2-93E7-4EC6-ADE5-B69A6BA0FCC1}.Debug|x86.ActiveCfg = Debug|Win32
		{5D3596D2-93E7-4EC6-ADE5-B69A6BA0FCC1}.Debug|x86.Build.0 = Debug|Win32
		{5D3596D2-93E7-4EC6-ADE5-B69A6BA0FCC1}.Release|x64.ActiveCfg = Release|x64
		{5D3596D2-93E7-4EC6-ADE5-B69A6BA0FCC1}.Release|x64.Build.0 = Release|x64
		{5D3596D2-93E7-4EC6-ADE5-B69A6BA0FCC1}.Release|x86.ActiveCfg = Release|Win32
		{5D3596D2-93E7-4EC6-ADE5-B69A6BA0FCC1}.Release|x86.Build.0 = Release|Win32
	EndGlobalSection
	GlobalSection(SolutionProperties) = preSolution
		HideSolutionNode = FALSE
	EndGlobalSection
	GlobalSection(ExtensibilityGlobals) = postSolution
		SolutionGuid = {115C3847-0198-4BB1-8A77-0B8C5F5EBDD2}
	EndGlobalSection
EndGlobal
